// !$*UTF8*$!
{
	archiveVersion = 1;
	classes = {
	};
	objectVersion = 46;
	objects = {

/* Begin PBXBuildFile section */
		238861A319F6C64500233BBE /* TestLoginViewController.m in Sources */ = {isa = PBXBuildFile; fileRef = 238861A219F6C64500233BBE /* TestLoginViewController.m */; };
		23FCFBDF19F57C970072CAD0 /* Foundation.framework in Frameworks */ = {isa = PBXBuildFile; fileRef = 23FCFBDE19F57C970072CAD0 /* Foundation.framework */; };
		23FCFBE119F57C970072CAD0 /* CoreGraphics.framework in Frameworks */ = {isa = PBXBuildFile; fileRef = 23FCFBE019F57C970072CAD0 /* CoreGraphics.framework */; };
		23FCFBE319F57C970072CAD0 /* UIKit.framework in Frameworks */ = {isa = PBXBuildFile; fileRef = 23FCFBE219F57C970072CAD0 /* UIKit.framework */; };
		23FCFBE919F57C970072CAD0 /* InfoPlist.strings in Resources */ = {isa = PBXBuildFile; fileRef = 23FCFBE719F57C970072CAD0 /* InfoPlist.strings */; };
		23FCFBEB19F57C970072CAD0 /* main.m in Sources */ = {isa = PBXBuildFile; fileRef = 23FCFBEA19F57C970072CAD0 /* main.m */; };
		23FCFBEF19F57C970072CAD0 /* SAFAppDelegate.m in Sources */ = {isa = PBXBuildFile; fileRef = 23FCFBEE19F57C970072CAD0 /* SAFAppDelegate.m */; };
		23FCFBF119F57C970072CAD0 /* Images.xcassets in Resources */ = {isa = PBXBuildFile; fileRef = 23FCFBF019F57C970072CAD0 /* Images.xcassets */; };
		23FCFBF819F57C980072CAD0 /* XCTest.framework in Frameworks */ = {isa = PBXBuildFile; fileRef = 23FCFBF719F57C980072CAD0 /* XCTest.framework */; };
		23FCFBF919F57C980072CAD0 /* Foundation.framework in Frameworks */ = {isa = PBXBuildFile; fileRef = 23FCFBDE19F57C970072CAD0 /* Foundation.framework */; };
		23FCFBFA19F57C980072CAD0 /* UIKit.framework in Frameworks */ = {isa = PBXBuildFile; fileRef = 23FCFBE219F57C970072CAD0 /* UIKit.framework */; };
		23FCFC0219F57C980072CAD0 /* InfoPlist.strings in Resources */ = {isa = PBXBuildFile; fileRef = 23FCFC0019F57C980072CAD0 /* InfoPlist.strings */; };
		23FCFC0419F57C980072CAD0 /* GamePadStartTests.m in Sources */ = {isa = PBXBuildFile; fileRef = 23FCFC0319F57C980072CAD0 /* GamePadStartTests.m */; };
		7CC12CF6CEE494B48D600EFB /* libPods.a in Frameworks */ = {isa = PBXBuildFile; fileRef = ACAC555B5EE7CF33F8FDAB77 /* libPods.a */; };
/* End PBXBuildFile section */

/* Begin PBXContainerItemProxy section */
		23FCFBFB19F57C980072CAD0 /* PBXContainerItemProxy */ = {
			isa = PBXContainerItemProxy;
			containerPortal = 23FCFBD319F57C960072CAD0 /* Project object */;
			proxyType = 1;
			remoteGlobalIDString = 23FCFBDA19F57C960072CAD0;
			remoteInfo = GamePadStart;
		};
/* End PBXContainerItemProxy section */

/* Begin PBXFileReference section */
		238861A119F6C64500233BBE /* TestLoginViewController.h */ = {isa = PBXFileReference; fileEncoding = 4; lastKnownFileType = sourcecode.c.h; path = TestLoginViewController.h; sourceTree = "<group>"; };
		238861A219F6C64500233BBE /* TestLoginViewController.m */ = {isa = PBXFileReference; fileEncoding = 4; lastKnownFileType = sourcecode.c.objc; path = TestLoginViewController.m; sourceTree = "<group>"; };
		23FCFBDB19F57C960072CAD0 /* GamePadStart.app */ = {isa = PBXFileReference; explicitFileType = wrapper.application; includeInIndex = 0; path = GamePadStart.app; sourceTree = BUILT_PRODUCTS_DIR; };
		23FCFBDE19F57C970072CAD0 /* Foundation.framework */ = {isa = PBXFileReference; lastKnownFileType = wrapper.framework; name = Foundation.framework; path = System/Library/Frameworks/Foundation.framework; sourceTree = SDKROOT; };
		23FCFBE019F57C970072CAD0 /* CoreGraphics.framework */ = {isa = PBXFileReference; lastKnownFileType = wrapper.framework; name = CoreGraphics.framework; path = System/Library/Frameworks/CoreGraphics.framework; sourceTree = SDKROOT; };
		23FCFBE219F57C970072CAD0 /* UIKit.framework */ = {isa = PBXFileReference; lastKnownFileType = wrapper.framework; name = UIKit.framework; path = System/Library/Frameworks/UIKit.framework; sourceTree = SDKROOT; };
		23FCFBE619F57C970072CAD0 /* GamePadStart-Info.plist */ = {isa = PBXFileReference; lastKnownFileType = text.plist.xml; path = "GamePadStart-Info.plist"; sourceTree = "<group>"; };
		23FCFBE819F57C970072CAD0 /* en */ = {isa = PBXFileReference; lastKnownFileType = text.plist.strings; name = en; path = en.lproj/InfoPlist.strings; sourceTree = "<group>"; };
		23FCFBEA19F57C970072CAD0 /* main.m */ = {isa = PBXFileReference; lastKnownFileType = sourcecode.c.objc; path = main.m; sourceTree = "<group>"; };
		23FCFBEC19F57C970072CAD0 /* GamePadStart-Prefix.pch */ = {isa = PBXFileReference; lastKnownFileType = sourcecode.c.h; path = "GamePadStart-Prefix.pch"; sourceTree = "<group>"; };
		23FCFBED19F57C970072CAD0 /* SAFAppDelegate.h */ = {isa = PBXFileReference; lastKnownFileType = sourcecode.c.h; path = SAFAppDelegate.h; sourceTree = "<group>"; };
		23FCFBEE19F57C970072CAD0 /* SAFAppDelegate.m */ = {isa = PBXFileReference; lastKnownFileType = sourcecode.c.objc; path = SAFAppDelegate.m; sourceTree = "<group>"; };
		23FCFBF019F57C970072CAD0 /* Images.xcassets */ = {isa = PBXFileReference; lastKnownFileType = folder.assetcatalog; path = Images.xcassets; sourceTree = "<group>"; };
		23FCFBF619F57C980072CAD0 /* GamePadStartTests.xctest */ = {isa = PBXFileReference; explicitFileType = wrapper.cfbundle; includeInIndex = 0; path = GamePadStartTests.xctest; sourceTree = BUILT_PRODUCTS_DIR; };
		23FCFBF719F57C980072CAD0 /* XCTest.framework */ = {isa = PBXFileReference; lastKnownFileType = wrapper.framework; name = XCTest.framework; path = Library/Frameworks/XCTest.framework; sourceTree = DEVELOPER_DIR; };
		23FCFBFF19F57C980072CAD0 /* GamePadStartTests-Info.plist */ = {isa = PBXFileReference; lastKnownFileType = text.plist.xml; path = "GamePadStartTests-Info.plist"; sourceTree = "<group>"; };
		23FCFC0119F57C980072CAD0 /* en */ = {isa = PBXFileReference; lastKnownFileType = text.plist.strings; name = en; path = en.lproj/InfoPlist.strings; sourceTree = "<group>"; };
		23FCFC0319F57C980072CAD0 /* GamePadStartTests.m */ = {isa = PBXFileReference; lastKnownFileType = sourcecode.c.objc; path = GamePadStartTests.m; sourceTree = "<group>"; };
		735C183725EFA226EBA44D26 /* Pods.debug.xcconfig */ = {isa = PBXFileReference; includeInIndex = 1; lastKnownFileType = text.xcconfig; name = Pods.debug.xcconfig; path = "Pods/Target Support Files/Pods/Pods.debug.xcconfig"; sourceTree = "<group>"; };
		816F7D91809A8F7F42038B74 /* Pods.release.xcconfig */ = {isa = PBXFileReference; includeInIndex = 1; lastKnownFileType = text.xcconfig; name = Pods.release.xcconfig; path = "Pods/Target Support Files/Pods/Pods.release.xcconfig"; sourceTree = "<group>"; };
		ACAC555B5EE7CF33F8FDAB77 /* libPods.a */ = {isa = PBXFileReference; explicitFileType = archive.ar; includeInIndex = 0; path = libPods.a; sourceTree = BUILT_PRODUCTS_DIR; };
/* End PBXFileReference section */

/* Begin PBXFrameworksBuildPhase section */
		23FCFBD819F57C960072CAD0 /* Frameworks */ = {
			isa = PBXFrameworksBuildPhase;
			buildActionMask = 2147483647;
			files = (
				23FCFBE119F57C970072CAD0 /* CoreGraphics.framework in Frameworks */,
				23FCFBE319F57C970072CAD0 /* UIKit.framework in Frameworks */,
				23FCFBDF19F57C970072CAD0 /* Foundation.framework in Frameworks */,
				7CC12CF6CEE494B48D600EFB /* libPods.a in Frameworks */,
			);
			runOnlyForDeploymentPostprocessing = 0;
		};
		23FCFBF319F57C980072CAD0 /* Frameworks */ = {
			isa = PBXFrameworksBuildPhase;
			buildActionMask = 2147483647;
			files = (
				23FCFBF819F57C980072CAD0 /* XCTest.framework in Frameworks */,
				23FCFBFA19F57C980072CAD0 /* UIKit.framework in Frameworks */,
				23FCFBF919F57C980072CAD0 /* Foundation.framework in Frameworks */,
			);
			runOnlyForDeploymentPostprocessing = 0;
		};
/* End PBXFrameworksBuildPhase section */

/* Begin PBXGroup section */
		1B25F77B759C7042B7D6B844 /* Pods */ = {
			isa = PBXGroup;
			children = (
				735C183725EFA226EBA44D26 /* Pods.debug.xcconfig */,
				816F7D91809A8F7F42038B74 /* Pods.release.xcconfig */,
			);
			name = Pods;
			sourceTree = "<group>";
		};
		23FCFBD219F57C960072CAD0 = {
			isa = PBXGroup;
			children = (
				23FCFBE419F57C970072CAD0 /* GamePadStart */,
				23FCFBFD19F57C980072CAD0 /* GamePadStartTests */,
				23FCFBDD19F57C960072CAD0 /* Frameworks */,
				23FCFBDC19F57C960072CAD0 /* Products */,
				1B25F77B759C7042B7D6B844 /* Pods */,
			);
			sourceTree = "<group>";
		};
		23FCFBDC19F57C960072CAD0 /* Products */ = {
			isa = PBXGroup;
			children = (
				23FCFBDB19F57C960072CAD0 /* GamePadStart.app */,
				23FCFBF619F57C980072CAD0 /* GamePadStartTests.xctest */,
			);
			name = Products;
			sourceTree = "<group>";
		};
		23FCFBDD19F57C960072CAD0 /* Frameworks */ = {
			isa = PBXGroup;
			children = (
				23FCFBDE19F57C970072CAD0 /* Foundation.framework */,
				23FCFBE019F57C970072CAD0 /* CoreGraphics.framework */,
				23FCFBE219F57C970072CAD0 /* UIKit.framework */,
				23FCFBF719F57C980072CAD0 /* XCTest.framework */,
				ACAC555B5EE7CF33F8FDAB77 /* libPods.a */,
			);
			name = Frameworks;
			sourceTree = "<group>";
		};
		23FCFBE419F57C970072CAD0 /* GamePadStart */ = {
			isa = PBXGroup;
			children = (
				23FCFBED19F57C970072CAD0 /* SAFAppDelegate.h */,
				23FCFBEE19F57C970072CAD0 /* SAFAppDelegate.m */,
				238861A119F6C64500233BBE /* TestLoginViewController.h */,
				238861A219F6C64500233BBE /* TestLoginViewController.m */,
				23FCFBF019F57C970072CAD0 /* Images.xcassets */,
				23FCFBE519F57C970072CAD0 /* Supporting Files */,
			);
			path = GamePadStart;
			sourceTree = "<group>";
		};
		23FCFBE519F57C970072CAD0 /* Supporting Files */ = {
			isa = PBXGroup;
			children = (
				23FCFBE619F57C970072CAD0 /* GamePadStart-Info.plist */,
				23FCFBE719F57C970072CAD0 /* InfoPlist.strings */,
				23FCFBEA19F57C970072CAD0 /* main.m */,
				23FCFBEC19F57C970072CAD0 /* GamePadStart-Prefix.pch */,
			);
			name = "Supporting Files";
			sourceTree = "<group>";
		};
		23FCFBFD19F57C980072CAD0 /* GamePadStartTests */ = {
			isa = PBXGroup;
			children = (
				23FCFC0319F57C980072CAD0 /* GamePadStartTests.m */,
				23FCFBFE19F57C980072CAD0 /* Supporting Files */,
			);
			path = GamePadStartTests;
			sourceTree = "<group>";
		};
		23FCFBFE19F57C980072CAD0 /* Supporting Files */ = {
			isa = PBXGroup;
			children = (
				23FCFBFF19F57C980072CAD0 /* GamePadStartTests-Info.plist */,
				23FCFC0019F57C980072CAD0 /* InfoPlist.strings */,
			);
			name = "Supporting Files";
			sourceTree = "<group>";
		};
/* End PBXGroup section */

/* Begin PBXNativeTarget section */
		23FCFBDA19F57C960072CAD0 /* GamePadStart */ = {
			isa = PBXNativeTarget;
			buildConfigurationList = 23FCFC0719F57C980072CAD0 /* Build configuration list for PBXNativeTarget "GamePadStart" */;
			buildPhases = (
				CAF06E00567F05757519DE2C /* Check Pods Manifest.lock */,
				23FCFBD719F57C960072CAD0 /* Sources */,
				23FCFBD819F57C960072CAD0 /* Frameworks */,
				23FCFBD919F57C960072CAD0 /* Resources */,
				AC87736806C73A18634FDCC3 /* Copy Pods Resources */,
			);
			buildRules = (
			);
			dependencies = (
			);
			name = GamePadStart;
			productName = GamePadStart;
			productReference = 23FCFBDB19F57C960072CAD0 /* GamePadStart.app */;
			productType = "com.apple.product-type.application";
		};
		23FCFBF519F57C980072CAD0 /* GamePadStartTests */ = {
			isa = PBXNativeTarget;
			buildConfigurationList = 23FCFC0A19F57C980072CAD0 /* Build configuration list for PBXNativeTarget "GamePadStartTests" */;
			buildPhases = (
				23FCFBF219F57C980072CAD0 /* Sources */,
				23FCFBF319F57C980072CAD0 /* Frameworks */,
				23FCFBF419F57C980072CAD0 /* Resources */,
			);
			buildRules = (
			);
			dependencies = (
				23FCFBFC19F57C980072CAD0 /* PBXTargetDependency */,
			);
			name = GamePadStartTests;
			productName = GamePadStartTests;
			productReference = 23FCFBF619F57C980072CAD0 /* GamePadStartTests.xctest */;
			productType = "com.apple.product-type.bundle.unit-test";
		};
/* End PBXNativeTarget section */

/* Begin PBXProject section */
		23FCFBD319F57C960072CAD0 /* Project object */ = {
			isa = PBXProject;
			attributes = {
				CLASSPREFIX = SAF;
				LastUpgradeCheck = 0510;
				ORGANIZATIONNAME = "Jake Saferstein";
				TargetAttributes = {
					23FCFBF519F57C980072CAD0 = {
						TestTargetID = 23FCFBDA19F57C960072CAD0;
					};
				};
			};
			buildConfigurationList = 23FCFBD619F57C960072CAD0 /* Build configuration list for PBXProject "GamePadStart" */;
			compatibilityVersion = "Xcode 3.2";
			developmentRegion = English;
			hasScannedForEncodings = 0;
			knownRegions = (
				en,
			);
			mainGroup = 23FCFBD219F57C960072CAD0;
			productRefGroup = 23FCFBDC19F57C960072CAD0 /* Products */;
			projectDirPath = "";
			projectRoot = "";
			targets = (
				23FCFBDA19F57C960072CAD0 /* GamePadStart */,
				23FCFBF519F57C980072CAD0 /* GamePadStartTests */,
			);
		};
/* End PBXProject section */

/* Begin PBXResourcesBuildPhase section */
		23FCFBD919F57C960072CAD0 /* Resources */ = {
			isa = PBXResourcesBuildPhase;
			buildActionMask = 2147483647;
			files = (
				23FCFBE919F57C970072CAD0 /* InfoPlist.strings in Resources */,
				23FCFBF119F57C970072CAD0 /* Images.xcassets in Resources */,
			);
			runOnlyForDeploymentPostprocessing = 0;
		};
		23FCFBF419F57C980072CAD0 /* Resources */ = {
			isa = PBXResourcesBuildPhase;
			buildActionMask = 2147483647;
			files = (
				23FCFC0219F57C980072CAD0 /* InfoPlist.strings in Resources */,
			);
			runOnlyForDeploymentPostprocessing = 0;
		};
/* End PBXResourcesBuildPhase section */

/* Begin PBXShellScriptBuildPhase section */
		AC87736806C73A18634FDCC3 /* Copy Pods Resources */ = {
			isa = PBXShellScriptBuildPhase;
			buildActionMask = 2147483647;
			files = (
			);
			inputPaths = (
			);
			name = "Copy Pods Resources";
			outputPaths = (
			);
			runOnlyForDeploymentPostprocessing = 0;
			shellPath = /bin/sh;
			shellScript = "\"${SRCROOT}/Pods/Target Support Files/Pods/Pods-resources.sh\"\n";
			showEnvVarsInLog = 0;
		};
		CAF06E00567F05757519DE2C /* Check Pods Manifest.lock */ = {
			isa = PBXShellScriptBuildPhase;
			buildActionMask = 2147483647;
			files = (
			);
			inputPaths = (
			);
			name = "Check Pods Manifest.lock";
			outputPaths = (
			);
			runOnlyForDeploymentPostprocessing = 0;
			shellPath = /bin/sh;
			shellScript = "diff \"${PODS_ROOT}/../Podfile.lock\" \"${PODS_ROOT}/Manifest.lock\" > /dev/null\nif [[ $? != 0 ]] ; then\n    cat << EOM\nerror: The sandbox is not in sync with the Podfile.lock. Run 'pod install' or update your CocoaPods installation.\nEOM\n    exit 1\nfi\n";
			showEnvVarsInLog = 0;
		};
/* End PBXShellScriptBuildPhase section */

/* Begin PBXSourcesBuildPhase section */
		23FCFBD719F57C960072CAD0 /* Sources */ = {
			isa = PBXSourcesBuildPhase;
			buildActionMask = 2147483647;
			files = (
				238861A319F6C64500233BBE /* TestLoginViewController.m in Sources */,
				23FCFBEB19F57C970072CAD0 /* main.m in Sources */,
				23FCFBEF19F57C970072CAD0 /* SAFAppDelegate.m in Sources */,
			);
			runOnlyForDeploymentPostprocessing = 0;
		};
		23FCFBF219F57C980072CAD0 /* Sources */ = {
			isa = PBXSourcesBuildPhase;
			buildActionMask = 2147483647;
			files = (
				23FCFC0419F57C980072CAD0 /* GamePadStartTests.m in Sources */,
			);
			runOnlyForDeploymentPostprocessing = 0;
		};
/* End PBXSourcesBuildPhase section */

/* Begin PBXTargetDependency section */
		23FCFBFC19F57C980072CAD0 /* PBXTargetDependency */ = {
			isa = PBXTargetDependency;
			target = 23FCFBDA19F57C960072CAD0 /* GamePadStart */;
			targetProxy = 23FCFBFB19F57C980072CAD0 /* PBXContainerItemProxy */;
		};
/* End PBXTargetDependency section */

/* Begin PBXVariantGroup section */
		23FCFBE719F57C970072CAD0 /* InfoPlist.strings */ = {
			isa = PBXVariantGroup;
			children = (
				23FCFBE819F57C970072CAD0 /* en */,
			);
			name = InfoPlist.strings;
			sourceTree = "<group>";
		};
		23FCFC0019F57C980072CAD0 /* InfoPlist.strings */ = {
			isa = PBXVariantGroup;
			children = (
				23FCFC0119F57C980072CAD0 /* en */,
			);
			name = InfoPlist.strings;
			sourceTree = "<group>";
		};
/* End PBXVariantGroup section */

/* Begin XCBuildConfiguration section */
		23FCFC0519F57C980072CAD0 /* Debug */ = {
			isa = XCBuildConfiguration;
			buildSettings = {
				ALWAYS_SEARCH_USER_PATHS = NO;
				CLANG_CXX_LANGUAGE_STANDARD = "gnu++0x";
				CLANG_CXX_LIBRARY = "libc++";
				CLANG_ENABLE_MODULES = YES;
				CLANG_ENABLE_OBJC_ARC = YES;
				CLANG_WARN_BOOL_CONVERSION = YES;
				CLANG_WARN_CONSTANT_CONVERSION = YES;
				CLANG_WARN_DIRECT_OBJC_ISA_USAGE = YES_ERROR;
				CLANG_WARN_EMPTY_BODY = YES;
				CLANG_WARN_ENUM_CONVERSION = YES;
				CLANG_WARN_INT_CONVERSION = YES;
				CLANG_WARN_OBJC_ROOT_CLASS = YES_ERROR;
				CLANG_WARN__DUPLICATE_METHOD_MATCH = YES;
				"CODE_SIGN_IDENTITY[sdk=iphoneos*]" = "iPhone Developer";
				COPY_PHASE_STRIP = NO;
				GCC_C_LANGUAGE_STANDARD = gnu99;
				GCC_DYNAMIC_NO_PIC = NO;
				GCC_OPTIMIZATION_LEVEL = 0;
				GCC_PREPROCESSOR_DEFINITIONS = (
					"DEBUG=1",
					"$(inherited)",
				);
				GCC_SYMBOLS_PRIVATE_EXTERN = NO;
				GCC_WARN_64_TO_32_BIT_CONVERSION = YES;
				GCC_WARN_ABOUT_RETURN_TYPE = YES_ERROR;
				GCC_WARN_UNDECLARED_SELECTOR = YES;
				GCC_WARN_UNINITIALIZED_AUTOS = YES_AGGRESSIVE;
				GCC_WARN_UNUSED_FUNCTION = YES;
				GCC_WARN_UNUSED_VARIABLE = YES;
				IPHONEOS_DEPLOYMENT_TARGET = 7.1;
				ONLY_ACTIVE_ARCH = YES;
				SDKROOT = iphoneos;
			};
			name = Debug;
		};
		23FCFC0619F57C980072CAD0 /* Release */ = {
			isa = XCBuildConfiguration;
			buildSettings = {
				ALWAYS_SEARCH_USER_PATHS = NO;
				CLANG_CXX_LANGUAGE_STANDARD = "gnu++0x";
				CLANG_CXX_LIBRARY = "libc++";
				CLANG_ENABLE_MODULES = YES;
				CLANG_ENABLE_OBJC_ARC = YES;
				CLANG_WARN_BOOL_CONVERSION = YES;
				CLANG_WARN_CONSTANT_CONVERSION = YES;
				CLANG_WARN_DIRECT_OBJC_ISA_USAGE = YES_ERROR;
				CLANG_WARN_EMPTY_BODY = YES;
				CLANG_WARN_ENUM_CONVERSION = YES;
				CLANG_WARN_INT_CONVERSION = YES;
				CLANG_WARN_OBJC_ROOT_CLASS = YES_ERROR;
				CLANG_WARN__DUPLICATE_METHOD_MATCH = YES;
				"CODE_SIGN_IDENTITY[sdk=iphoneos*]" = "iPhone Developer";
				COPY_PHASE_STRIP = YES;
				ENABLE_NS_ASSERTIONS = NO;
				GCC_C_LANGUAGE_STANDARD = gnu99;
				GCC_WARN_64_TO_32_BIT_CONVERSION = YES;
				GCC_WARN_ABOUT_RETURN_TYPE = YES_ERROR;
				GCC_WARN_UNDECLARED_SELECTOR = YES;
				GCC_WARN_UNINITIALIZED_AUTOS = YES_AGGRESSIVE;
				GCC_WARN_UNUSED_FUNCTION = YES;
				GCC_WARN_UNUSED_VARIABLE = YES;
				IPHONEOS_DEPLOYMENT_TARGET = 7.1;
				SDKROOT = iphoneos;
				VALIDATE_PRODUCT = YES;
			};
			name = Release;
		};
		23FCFC0819F57C980072CAD0 /* Debug */ = {
			isa = XCBuildConfiguration;
			baseConfigurationReference = 735C183725EFA226EBA44D26 /* Pods.debug.xcconfig */;
			buildSettings = {
				ASSETCATALOG_COMPILER_APPICON_NAME = AppIcon;
				ASSETCATALOG_COMPILER_LAUNCHIMAGE_NAME = LaunchImage;
				GCC_PRECOMPILE_PREFIX_HEADER = YES;
				GCC_PREFIX_HEADER = "GamePadStart/GamePadStart-Prefix.pch";
				INFOPLIST_FILE = "GamePadStart/GamePadStart-Info.plist";
				PRODUCT_NAME = "$(TARGET_NAME)";
				WRAPPER_EXTENSION = app;
			};
			name = Debug;
		};
		23FCFC0919F57C980072CAD0 /* Release */ = {
			isa = XCBuildConfiguration;
			baseConfigurationReference = 816F7D91809A8F7F42038B74 /* Pods.release.xcconfig */;
			buildSettings = {
				ASSETCATALOG_COMPILER_APPICON_NAME = AppIcon;
				ASSETCATALOG_COMPILER_LAUNCHIMAGE_NAME = LaunchImage;
				GCC_PRECOMPILE_PREFIX_HEADER = YES;
				GCC_PREFIX_HEADER = "GamePadStart/GamePadStart-Prefix.pch";
				INFOPLIST_FILE = "GamePadStart/GamePadStart-Info.plist";
				PRODUCT_NAME = "$(TARGET_NAME)";
				WRAPPER_EXTENSION = app;
			};
			name = Release;
		};
		23FCFC0B19F57C980072CAD0 /* Debug */ = {
			isa = XCBuildConfiguration;
			buildSettings = {
				BUNDLE_LOADER = "$(BUILT_PRODUCTS_DIR)/GamePadStart.app/GamePadStart";
				FRAMEWORK_SEARCH_PATHS = (
					"$(SDKROOT)/Developer/Library/Frameworks",
					"$(inherited)",
					"$(DEVELOPER_FRAMEWORKS_DIR)",
				);
				GCC_PRECOMPILE_PREFIX_HEADER = YES;
				GCC_PREFIX_HEADER = "GamePadStart/GamePadStart-Prefix.pch";
				GCC_PREPROCESSOR_DEFINITIONS = (
					"DEBUG=1",
					"$(inherited)",
				);
				INFOPLIST_FILE = "GamePadStartTests/GamePadStartTests-Info.plist";
				PRODUCT_NAME = "$(TARGET_NAME)";
				TEST_HOST = "$(BUNDLE_LOADER)";
				WRAPPER_EXTENSION = xctest;
			};
			name = Debug;
		};
		23FCFC0C19F57C980072CAD0 /* Release */ = {
			isa = XCBuildConfiguration;
			buildSettings = {
				BUNDLE_LOADER = "$(BUILT_PRODUCTS_DIR)/GamePadStart.app/GamePadStart";
				FRAMEWORK_SEARCH_PATHS = (
					"$(SDKROOT)/Developer/Library/Frameworks",
					"$(inherited)",
					"$(DEVELOPER_FRAMEWORKS_DIR)",
				);
				GCC_PRECOMPILE_PREFIX_HEADER = YES;
				GCC_PREFIX_HEADER = "GamePadStart/GamePadStart-Prefix.pch";
				INFOPLIST_FILE = "GamePadStartTests/GamePadStartTests-Info.plist";
				PRODUCT_NAME = "$(TARGET_NAME)";
				TEST_HOST = "$(BUNDLE_LOADER)";
				WRAPPER_EXTENSION = xctest;
			};
			name = Release;
		};
/* End XCBuildConfiguration section */

/* Begin XCConfigurationList section */
		23FCFBD619F57C960072CAD0 /* Build configuration list for PBXProject "GamePadStart" */ = {
			isa = XCConfigurationList;
			buildConfigurations = (
				23FCFC0519F57C980072CAD0 /* Debug */,
				23FCFC0619F57C980072CAD0 /* Release */,
			);
			defaultConfigurationIsVisible = 0;
			defaultConfigurationName = Release;
		};
		23FCFC0719F57C980072CAD0 /* Build configuration list for PBXNativeTarget "GamePadStart" */ = {
			isa = XCConfigurationList;
			buildConfigurations = (
				23FCFC0819F57C980072CAD0 /* Debug */,
				23FCFC0919F57C980072CAD0 /* Release */,
			);
			defaultConfigurationIsVisible = 0;
			defaultConfigurationName = Release;
		};
		23FCFC0A19F57C980072CAD0 /* Build configuration list for PBXNativeTarget "GamePadStartTests" */ = {
			isa = XCConfigurationList;
			buildConfigurations = (
				23FCFC0B19F57C980072CAD0 /* Debug */,
				23FCFC0C19F57C980072CAD0 /* Release */,
			);
			defaultConfigurationIsVisible = 0;
			defaultConfigurationName = Release;
		};
/* End XCConfigurationList section */
	};
	rootObject = 23FCFBD319F57C960072CAD0 /* Project object */;
}
